version = 1
revision = 3
requires-python = ">=3.13"

[[package]]
name = "annotated-doc"
version = "0.0.4"
source = { registry = "https://pypi.org/simple" }
sdist = { url = "https://files.pythonhosted.org/packages/57/ba/046ceea27344560984e26a590f90bc7f4a75b06701f653222458922b558c/annotated_doc-0.0.4.tar.gz", hash = "sha256:fbcda96e87e9c92ad167c2e53839e57503ecfda18804ea28102353485033faa4", size = 7288, upload-time = "2025-11-10T22:07:42.062Z" }
wheels = [
    { url = "https://files.pythonhosted.org/packages/1e/d3/26bf1008eb3d2daa8ef4cacc7f3bfdc11818d111f7e2d0201bc6e3b49d45/annotated_doc-0.0.4-py3-none-any.whl", hash = "sha256:571ac1dc6991c450b25a9c2d84a3705e2ae7a53467b5d111c24fa8baabbed320", size = 5303, upload-time = "2025-11-10T22:07:40.673Z" },
]

[[package]]
name = "anyio"
version = "4.13.0"
source = { registry = "https://pypi.org/simple" }
dependencies = [
    { name = "idna" },
]
sdist = { url = "https://files.pythonhosted.org/packages/19/14/2c5dd9f512b66549ae92767a9c7b330ae88e1932ca57876909410251fe13/anyio-4.13.0.tar.gz", hash = "sha256:334b70e641fd2221c1505b3890c69882fe4a2df910cba14d97019b90b24439dc", size = 231622, upload-time = "2026-03-24T12:59:09.671Z" }
wheels = [
    { url = "https://files.pythonhosted.org/packages/da/42/e921fccf5015463e32a3cf6ee7f980a6ed0f395ceeaa45060b61d86486c2/anyio-4.13.0-py3-none-any.whl", hash = "sha256:08b310f9e24a9594186fd75b4f73f4a4152069e3853f1ed8bfbf58369f4ad708", size = 114353, upload-time = "2026-03-24T12:59:08.246Z" },
]

[[package]]
name = "certifi"
version = "2026.2.25"
source = { registry = "https://pypi.org/simple" }
sdist = { url = "https://files.pythonhosted.org/packages/af/2d/7bf41579a8986e348fa033a31cdd0e4121114f6bce2457e8876010b092dd/certifi-2026.2.25.tar.gz", hash = "sha256:e887ab5cee78ea814d3472169153c2d12cd43b14bd03329a39a9c6e2e80bfba7", size = 155029, upload-time = "2026-02-25T02:54:17.342Z" }
wheels = [
    { url = "https://files.pythonhosted.org/packages/9a/3c/c17fb3ca2d9c3acff52e30b309f538586f9f5b9c9cf454f3845fc9af4881/certifi-2026.2.25-py3-none-any.whl", hash = "sha256:027692e4402ad994f1c42e52a4997a9763c646b73e4096e4d5d6db8af1d6f0fa", size = 153684, upload-time = "2026-02-25T02:54:15.766Z" },
]

[[package]]
name = "click"
version = "8.3.2"
source = { registry = "https://pypi.org/simple" }
dependencies = [
    { name = "colorama", marker = "sys_platform == 'win32'" },
]
sdist = { url = "https://files.pythonhosted.org/packages/57/75/31212c6bf2503fdf920d87fee5d7a86a2e3bcf444984126f13d8e4016804/click-8.3.2.tar.gz", hash = "sha256:14162b8b3b3550a7d479eafa77dfd3c38d9dc8951f6f69c78913a8f9a7540fd5", size = 302856, upload-time = "2026-04-03T19:14:45.118Z" }
wheels = [
    { url = "https://files.pythonhosted.org/packages/e4/20/71885d8b97d4f3dde17b1fdb92dbd4908b00541c5a3379787137285f602e/click-8.3.2-py3-none-any.whl", hash = "sha256:1924d2c27c5653561cd2cae4548d1406039cb79b858b747cfea24924bbc1616d", size = 108379, upload-time = "2026-04-03T19:14:43.505Z" },
]

[[package]]
name = "coffeedb"
version = "0.1.0"
source = { editable = "." }
dependencies = [
    { name = "hishel" },
    { name = "httpx" },
    { name = "parsel" },
    { name = "typer" },
]

[package.optional-dependencies]
test = [
    { name = "hypothesis" },
    { name = "pytest" },
]

[package.metadata]
requires-dist = [
    { name = "hishel", specifier = ">=1.1.9" },
    { name = "httpx", specifier = ">=0.28.1" },
    { name = "hypothesis", marker = "extra == 'test'", specifier = ">=6.142.0" },
    { name = "parsel", specifier = ">=1.9.1" },
    { name = "pytest", marker = "extra == 'test'", specifier = ">=8.3.5" },
    { name = "typer", specifier = ">=0.15.0" },
]
provides-extras = ["test"]

[[package]]
name = "colorama"
version = "0.4.6"
source = { registry = "https://pypi.org/simple" }
sdist = { url = "https://files.pythonhosted.org/packages/d8/53/6f443c9a4a8358a93a6792e2acffb9d9d5cb0a5cfd8802644b7b1c9a02e4/colorama-0.4.6.tar.gz", hash = "sha256:08695f5cb7ed6e0531a20572697297273c47b8cae5a63ffc6d6ed5c201be6e44", size = 27697, upload-time = "2022-10-25T02:36:22.414Z" }
wheels = [
    { url = "https://files.pythonhosted.org/packages/d1/d6/3965ed04c63042e047cb6a3e6ed1a63a35087b6a609aa3a15ed8ac56c221/colorama-0.4.6-py2.py3-none-any.whl", hash = "sha256:4f1d9991f5acc0ca119f9d443620b77f9d6b33703e51011c16baf57afb285fc6", size = 25335, upload-time = "2022-10-25T02:36:20.889Z" },
]

[[package]]
name = "cssselect"
version = "1.4.0"
source = { registry = "https://pypi.org/simple" }
sdist = { url = "https://files.pythonhosted.org/packages/ec/2e/cdfd8b01c37cbf4f9482eefd455853a3cf9c995029a46acd31dfaa9c1dd6/cssselect-1.4.0.tar.gz", hash = "sha256:fdaf0a1425e17dfe8c5cf66191d211b357cf7872ae8afc4c6762ddd8ac47fc92", size = 40589, upload-time = "2026-01-29T07:00:26.701Z" }
wheels = [
    { url = "https://files.pythonhosted.org/packages/20/0c/7bb51e3acfafd16c48875bf3db03607674df16f5b6ef8d056586af7e2b8b/cssselect-1.4.0-py3-none-any.whl", hash = "sha256:c0ec5c0191c8ee39fcc8afc1540331d8b55b0183478c50e9c8a79d44dbceb1d8", size = 18540, upload-time = "2026-01-29T07:00:24.994Z" },
]

[[package]]
name = "h11"
version = "0.16.0"
source = { registry = "https://pypi.org/simple" }
sdist = { url = "https://files.pythonhosted.org/packages/01/ee/02a2c011bdab74c6fb3c75474d40b3052059d95df7e73351460c8588d963/h11-0.16.0.tar.gz", hash = "sha256:4e35b956cf45792e4caa5885e69fba00bdbc6ffafbfa020300e549b208ee5ff1", size = 101250, upload-time = "2025-04-24T03:35:25.427Z" }
wheels = [
    { url = "https://files.pythonhosted.org/packages/04/4b/29cac41a4d98d144bf5f6d33995617b185d14b22401f75ca86f384e87ff1/h11-0.16.0-py3-none-any.whl", hash = "sha256:63cf8bbe7522de3bf65932fda1d9c2772064ffb3dae62d55932da54b31cb6c86", size = 37515, upload-time = "2025-04-24T03:35:24.344Z" },
]

[[package]]
name = "hishel"
version = "1.1.9"
source = { registry = "https://pypi.org/simple" }
dependencies = [
    { name = "msgpack" },
    { name = "typing-extensions" },
]
sdist = { url = "https://files.pythonhosted.org/packages/75/2b/11bd033664620a9b193dd41b427247f7447432f3b146b17a1358386fbdfc/hishel-1.1.9.tar.gz", hash = "sha256:47248a50e4cff4fbaa141832782d8c07b2169914916f4bd792f37449176dfa23", size = 61898, upload-time = "2026-02-05T15:13:52.884Z" }
wheels = [
    { url = "https://files.pythonhosted.org/packages/a1/11/bd36aa79932c4b24373cc5243a7630659f608af825418f4e195c021f5d5e/hishel-1.1.9-py3-none-any.whl", hash = "sha256:6b6f294cb7593f170a9bf874849cc85330ff81f5e35d2ca189548498fed10806", size = 70956, upload-time = "2026-02-05T15:13:51.314Z" },
]

[[package]]
name = "httpcore"
version = "1.0.9"
source = { registry = "https://pypi.org/simple" }
dependencies = [
    { name = "certifi" },
    { name = "h11" },
]
sdist = { url = "https://files.pythonhosted.org/packages/06/94/82699a10bca87a5556c9c59b5963f2d039dbd239f25bc2a63907a05a14cb/httpcore-1.0.9.tar.gz", hash = "sha256:6e34463af53fd2ab5d807f399a9b45ea31c3dfa2276f15a2c3f00afff6e176e8", size = 85484, upload-time = "2025-04-24T22:06:22.219Z" }
wheels = [
    { url = "https://files.pythonhosted.org/packages/7e/f5/f66802a942d491edb555dd61e3a9961140fd64c90bce1eafd741609d334d/httpcore-1.0.9-py3-none-any.whl", hash = "sha256:2d400746a40668fc9dec9810239072b40b4484b640a8c38fd654a024c7a1bf55", size = 78784, upload-time = "2025-04-24T22:06:20.566Z" },
]

[[package]]
name = "httpx"
version = "0.28.1"
source = { registry = "https://pypi.org/simple" }
dependencies = [
    { name = "anyio" },
    { name = "certifi" },
    { name = "httpcore" },
    { name = "idna" },
]
sdist = { url = "https://files.pythonhosted.org/packages/b1/df/48c586a5fe32a0f01324ee087459e112ebb7224f646c0b5023f5e79e9956/httpx-0.28.1.tar.gz", hash = "sha256:75e98c5f16b0f35b567856f597f06ff2270a374470a5c2392242528e3e3e42fc", size = 141406, upload-time = "2024-12-06T15:37:23.222Z" }
wheels = [
    { url = "https://files.pythonhosted.org/packages/2a/39/e50c7c3a983047577ee07d2a9e53faf5a69493943ec3f6a384bdc792deb2/httpx-0.28.1-py3-none-any.whl", hash = "sha256:d909fcccc110f8c7faf814ca82a9a4d816bc5a6dbfea25d6591d6985b8ba59ad", size = 73517, upload-time = "2024-12-06T15:37:21.509Z" },
]

[[package]]
name = "hypothesis"
version = "6.152.1"
source = { registry = "https://pypi.org/simple" }
dependencies = [
    { name = "sortedcontainers" },
]
sdist = { url = "https://files.pythonhosted.org/packages/64/b1/c32bcddb9aab9e3abc700f1f56faf14e7655c64a16ca47701a57362276ea/hypothesis-6.152.1.tar.gz", hash = "sha256:4f4ed934eee295dd84ee97592477d23e8dc03e9f12ae0ee30a4e7c9ef3fca3b0", size = 465029, upload-time = "2026-04-14T22:29:24.062Z" }
wheels = [
    { url = "https://files.pythonhosted.org/packages/5d/83/860fb3075e00b0fc19a22a2301bc3c96f00437558c3911bdd0a3573a4a53/hypothesis-6.152.1-py3-none-any.whl", hash = "sha256:40a3619d9e0cb97b018857c7986f75cf5de2e5ec0fa8a0b172d00747758f749e", size = 530752, upload-time = "2026-04-14T22:29:20.893Z" },
]

[[package]]
name = "idna"
version = "3.11"
source = { registry = "https://pypi.org/simple" }
sdist = { url = "https://files.pythonhosted.org/packages/6f/6d/0703ccc57f3a7233505399edb88de3cbd678da106337b9fcde432b65ed60/idna-3.11.tar.gz", hash = "sha256:795dafcc9c04ed0c1fb032c2aa73654d8e8c5023a7df64a53f39190ada629902", size = 194582, upload-time = "2025-10-12T14:55:20.501Z" }
wheels = [
    { url = "https://files.pythonhosted.org/packages/0e/61/66938bbb5fc52dbdf84594873d5b51fb1f7c7794e9c0f5bd885f30bc507b/idna-3.11-py3-none-any.whl", hash = "sha256:771a87f49d9defaf64091e6e6fe9c18d4833f140bd19464795bc32d966ca37ea", size = 71008, upload-time = "2025-10-12T14:55:18.883Z" },
]

[[package]]
name = "iniconfig"
version = "2.3.0"
source = { registry = "https://pypi.org/simple" }
sdist = { url = "https://files.pythonhosted.org/packages/72/34/14ca021ce8e5dfedc35312d08ba8bf51fdd999c576889fc2c24cb97f4f10/iniconfig-2.3.0.tar.gz", hash = "sha256:c76315c77db068650d49c5b56314774a7804df16fee4402c1f19d6d15d8c4730", size = 20503, upload-time = "2025-10-18T21:55:43.219Z" }
wheels = [
    { url = "https://files.pythonhosted.org/packages/cb/b1/3846dd7f199d53cb17f49cba7e651e9ce294d8497c8c150530ed11865bb8/iniconfig-2.3.0-py3-none-any.whl", hash = "sha256:f631c04d2c48c52b84d0d0549c99ff3859c98df65b3101406327ecc7d53fbf12", size = 7484, upload-time = "2025-10-18T21:55:41.639Z" },
]

[[package]]
name = "jmespath"
version = "1.1.0"
source = { registry = "https://pypi.org/simple" }
sdist = { url = "https://files.pythonhosted.org/packages/d3/59/322338183ecda247fb5d1763a6cbe46eff7222eaeebafd9fa65d4bf5cb11/jmespath-1.1.0.tar.gz", hash = "sha256:472c87d80f36026ae83c6ddd0f1d05d4e510134ed462851fd5f754c8c3cbb88d", size = 27377, upload-time = "2026-01-22T16:35:26.279Z" }
wheels = [
    { url = "https://files.pythonhosted.org/packages/14/2f/967ba146e6d58cf6a652da73885f52fc68001525b4197effc174321d70b4/jmespath-1.1.0-py3-none-any.whl", hash = "sha256:a5663118de4908c91729bea0acadca56526eb2698e83de10cd116ae0f4e97c64", size = 20419, upload-time = "2026-01-22T16:35:24.919Z" },
]

[[package]]
name = "lxml"
version = "6.0.3"
source = { registry = "https://pypi.org/simple" }
sdist = { url = "https://files.pythonhosted.org/packages/43/42/149c7747977db9d68faee960c1a3391eb25e94d4bb677f8e2df8328e4098/lxml-6.0.3.tar.gz", hash = "sha256:a1664c5139755df44cab3834f4400b331b02205d62d3fdcb1554f63439bf3372", size = 4237567, upload-time = "2026-04-09T14:39:09.664Z" }
wheels = [
    { url = "https://files.pythonhosted.org/packages/86/a6/2cdc9c5a634b1b890927f968febc2474fa3eb6fed99db82ea3c008bbbda4/lxml-6.0.3-cp313-cp313-macosx_10_13_universal2.whl", hash = "sha256:83c1d75e9d124ab82a4ddaf59135112f0dc49526b47355e5928ae6126a68e236", size = 8559579, upload-time = "2026-04-09T14:35:35.644Z" },
    { url = "https://files.pythonhosted.org/packages/97/3c/adfbcdab17f89f72e069c5df5661c81e0511e3cdb353550f778e9ffaa08e/lxml-6.0.3-cp313-cp313-macosx_10_13_x86_64.whl", hash = "sha256:b683665d0287308adafc90a5617a51a508d8af8c7040693693bb333b5f4474fe", size = 4617332, upload-time = "2026-04-09T14:35:38.901Z" },
    { url = "https://files.pythonhosted.org/packages/5e/d4/ee1a5c734a5ad79024fa85808f3efc18d5733813141e2bb2726a7d9d8bea/lxml-6.0.3-cp313-cp313-manylinux2014_aarch64.manylinux_2_17_aarch64.whl", hash = "sha256:ed31e5852cd938704bc6c7a3822cbf84c7fa00ebfa914a1b4e2392d44f45bdfb", size = 4922821, upload-time = "2026-04-09T14:35:41.521Z" },
    { url = "https://files.pythonhosted.org/packages/f1/1f/87efcc0b93ba4f95303ec8f80164f3c50db20a3a5612a285133f9ad6cb7e/lxml-6.0.3-cp313-cp313-manylinux2014_x86_64.manylinux_2_17_x86_64.whl", hash = "sha256:8922a30704a4421d69a19e0499db5861da686c0bccc3a79cf3946e3155cf25f9", size = 5081226, upload-time = "2026-04-09T14:35:44.02Z" },
    { url = "https://files.pythonhosted.org/packages/65/8b/fd0fadd9ec8a6ac9d694014ccdb9504e28705abb2e08c9ca23c609020325/lxml-6.0.3-cp313-cp313-manylinux_2_26_aarch64.manylinux_2_28_aarch64.whl", hash = "sha256:9a1adb0e220cb8691202ba9d97646a06292657a122df4b92733861d42f7cf4d2", size = 4992884, upload-time = "2026-04-09T14:35:46.769Z" },
    { url = "https://files.pythonhosted.org/packages/68/75/2fb0e534225214c6386496b7847195d7297b913cf563c5ccea394afc346b/lxml-6.0.3-cp313-cp313-manylinux_2_26_ppc64le.manylinux_2_28_ppc64le.whl", hash = "sha256:821fd53699eb498990c915ba955a392d07246454c9405e6c1d0692362503013d", size = 5613383, upload-time = "2026-04-09T14:35:49.303Z" },
    { url = "https://files.pythonhosted.org/packages/54/3a/8f560f8fb2f5f092e18ac7a13a94b77e0e5213fe7c424d12e98393dcc7d8/lxml-6.0.3-cp313-cp313-manylinux_2_26_x86_64.manylinux_2_28_x86_64.whl", hash = "sha256:04b7cedf52e125f86d0d426635e7fbe8e353d4cc272a1757888e3c072424381d", size = 5228398, upload-time = "2026-04-09T14:35:51.611Z" },
    { url = "https://files.pythonhosted.org/packages/aa/d5/6bf993c02a0173eb5883ace61958c55c245d3daf7753fb5f931a9691b440/lxml-6.0.3-cp313-cp313-manylinux_2_28_i686.whl", hash = "sha256:9d98063e6ae0da5084ec46952bb0a5ccb5e2cad168e32b4d65d1ec84e4b4ebd4", size = 5342198, upload-time = "2026-04-09T14:35:54.311Z" },
    { url = "https://files.pythonhosted.org/packages/bb/18/637130349ca6aa33b6dc4796732835ede5017a811c5f55763a1c468f7971/lxml-6.0.3-cp313-cp313-manylinux_2_31_armv7l.whl", hash = "sha256:ce01ab3449015358f766a1950b3d818eedf9d4cdec3fa87e4eecaad10c0784db", size = 4699178, upload-time = "2026-04-09T14:35:56.647Z" },
    { url = "https://files.pythonhosted.org/packages/bb/19/239daafcc1cfa42b8aa6384509a9fd2cb1aa281679c6e8395adf9ccbc189/lxml-6.0.3-cp313-cp313-manylinux_2_38_riscv64.manylinux_2_39_riscv64.whl", hash = "sha256:d38c25bad123d6ce30bb37931d90a4e8a167cd796eeae9cd16c2bfce52718f8e", size = 5231869, upload-time = "2026-04-09T14:36:00.41Z" },
    { url = "https://files.pythonhosted.org/packages/0a/74/db7fcadc651b988502bed00d48acfd8b997ecb5dd52ebcc05f39bf946d9e/lxml-6.0.3-cp313-cp313-musllinux_1_2_aarch64.whl", hash = "sha256:9b8e0779780026979f217603385995202f364adc9807bd21210d81b9f562fc4e", size = 5043669, upload-time = "2026-04-09T14:36:02.463Z" },
    { url = "https://files.pythonhosted.org/packages/55/99/af795b579182fa04aa87fcb0bd112e22705d982f71eb53874a8d356b4091/lxml-6.0.3-cp313-cp313-musllinux_1_2_armv7l.whl", hash = "sha256:8c082ad2398664213a4bb5d133e2eb8bf239220b7d6688f8c8ffa9050057501f", size = 4769745, upload-time = "2026-04-09T14:36:04.716Z" },
    { url = "https://files.pythonhosted.org/packages/52/4d/10e652edc55d206188a1b738d1033aad3497886d34cb7f5fc753e67ecb49/lxml-6.0.3-cp313-cp313-musllinux_1_2_ppc64le.whl", hash = "sha256:dfc80c74233fe01157ab550fb12b9d07a2f1fa7c5900cefb484e3bf02e856fbc", size = 5635496, upload-time = "2026-04-09T14:36:06.815Z" },
    { url = "https://files.pythonhosted.org/packages/ab/68/95371835ec15bb46feee27b090bcabbe579f4ad04efbef08e2713bcfea16/lxml-6.0.3-cp313-cp313-musllinux_1_2_riscv64.whl", hash = "sha256:5c45bdcdc2ca6cf26fddff3faa5de7a2ed7c7f6016b3de80125313a37f972378", size = 5223564, upload-time = "2026-04-09T14:36:09.057Z" },
    { url = "https://files.pythonhosted.org/packages/aa/a6/0a9e5b63e8959487551be5d5496bb758ed2424c77ed7b25a9b8aae3b60c6/lxml-6.0.3-cp313-cp313-musllinux_1_2_x86_64.whl", hash = "sha256:99457524afd384c330dc51e527976653d543ccadfa815d9f2d92c5911626e536", size = 5250124, upload-time = "2026-04-09T14:36:11.337Z" },
    { url = "https://files.pythonhosted.org/packages/d9/80/de3d3a790edf6d026c829fe8ccf54845058f57f8bb788e420c3b227eecef/lxml-6.0.3-cp313-cp313-win32.whl", hash = "sha256:c8e3b8a54e65393ce1d5c7d9753fe756f0d96089e7163b20ddec3e5bb56a963e", size = 3596004, upload-time = "2026-04-09T14:36:13.446Z" },
    { url = "https://files.pythonhosted.org/packages/9f/cf/43c9a5926060e39d99593921f37d7e88f129bc32ab6266b8460483abd613/lxml-6.0.3-cp313-cp313-win_amd64.whl", hash = "sha256:724b26a38cef98d6869d00a33cb66083bee967598e44f6a8e53f1dd283c851b0", size = 3994750, upload-time = "2026-04-09T14:36:15.686Z" },
    { url = "https://files.pythonhosted.org/packages/e5/d3/b224dbc282bfef52d2e05645e405b5ed89c6391144dc09864229fe9ce88c/lxml-6.0.3-cp313-cp313-win_arm64.whl", hash = "sha256:f27373113fda6621e4201f529908a24c8a190c2af355aed4711dadca44db4673", size = 3657620, upload-time = "2026-04-09T14:36:17.952Z" },
    { url = "https://files.pythonhosted.org/packages/d3/40/b637359bacf3813f1174d15b08516020ba5beb355e04377105d561e6e00a/lxml-6.0.3-cp314-cp314-macosx_10_15_universal2.whl", hash = "sha256:8c08926678852a233bf1ef645c4d683d56107f814482f8f41b21ef2c7659790e", size = 8575318, upload-time = "2026-04-09T14:36:20.608Z" },
    { url = "https://files.pythonhosted.org/packages/7f/91/d5286a45202ed91f1e428e68c6e1c11bcb2b42715c48424871fc73485b05/lxml-6.0.3-cp314-cp314-macosx_10_15_x86_64.whl", hash = "sha256:2ce76d113a7c3bf42761ec1de7ca615b0cbf9d8ae478eb1d6c20111d9c9fc098", size = 4623084, upload-time = "2026-04-09T14:36:24.015Z" },
    { url = "https://files.pythonhosted.org/packages/8a/5f/7ea1af571ee13ed1e5fba007fd83cd0794723ca76a51eed0ef9513363b1f/lxml-6.0.3-cp314-cp314-manylinux2014_aarch64.manylinux_2_17_aarch64.whl", hash = "sha256:83eca62141314d641ebe8089ffa532bbf572ea07dd6255b58c40130d06bb2509", size = 4948797, upload-time = "2026-04-09T14:36:26.662Z" },
    { url = "https://files.pythonhosted.org/packages/82/be/3a9b8d787d9877cbe17e02ef5af2523bd14ecc177ce308397c485c56fe18/lxml-6.0.3-cp314-cp314-manylinux2014_x86_64.manylinux_2_17_x86_64.whl", hash = "sha256:d8781d812bb8efd47c35651639da38980383ff0d0c1f3269ade23e3a90799079", size = 5085983, upload-time = "2026-04-09T14:36:29.486Z" },
    { url = "https://files.pythonhosted.org/packages/c4/2b/645abaef837b11414c81513c31b308a001fb8cd370f665c3ebc854be5ba5/lxml-6.0.3-cp314-cp314-manylinux_2_26_aarch64.manylinux_2_28_aarch64.whl", hash = "sha256:19b079e81aa3a31b523a224b0dd46da4f56e1b1e248eef9a599e5c885c788813", size = 5031039, upload-time = "2026-04-09T14:36:31.735Z" },
    { url = "https://files.pythonhosted.org/packages/3b/4f/561f30b77e9edbb373e2b6b7203a7d6ab219c495abca219536c66f3a44b2/lxml-6.0.3-cp314-cp314-manylinux_2_26_ppc64le.manylinux_2_28_ppc64le.whl", hash = "sha256:6c055bafdcb53e7f9f75e22c009cd183dd410475e21c296d599531d7f03d1bf5", size = 5646718, upload-time = "2026-04-09T14:36:34.127Z" },
    { url = "https://files.pythonhosted.org/packages/d7/ba/2a72e673d109b563c2ab77097f2f4ca64e2927d2f04836ba07aaabe1da0e/lxml-6.0.3-cp314-cp314-manylinux_2_26_x86_64.manylinux_2_28_x86_64.whl", hash = "sha256:13f1594a183cee73f9a1dbfd35871c4e04b461f47eeb9bcf80f7d7856b1b136d", size = 5239360, upload-time = "2026-04-09T14:36:37.195Z" },
    { url = "https://files.pythonhosted.org/packages/52/98/4e5a4ef87d846af90cc9c1ee2f8af2af34c221e620aad317b3a535361b93/lxml-6.0.3-cp314-cp314-manylinux_2_28_i686.whl", hash = "sha256:a6380c5035598e4665272ad3fc86c96ddb2a220d4059cce5ba4b660f78346ad9", size = 5351233, upload-time = "2026-04-09T14:36:39.634Z" },
    { url = "https://files.pythonhosted.org/packages/cb/b8/cff0af5fe48ede6b1949dc2e14171470c0c68a15789037c1fed90602b89d/lxml-6.0.3-cp314-cp314-manylinux_2_31_armv7l.whl", hash = "sha256:143ac903fb6c9be6da613390825c8e8bb8c8d71517d43882031f6b9bc89770ef", size = 4696677, upload-time = "2026-04-09T14:36:42.037Z" },
    { url = "https://files.pythonhosted.org/packages/0c/6e/0b2a918fb15c30b00ff112df16c548df011db37b58d764bd17f47db74905/lxml-6.0.3-cp314-cp314-manylinux_2_38_riscv64.manylinux_2_39_riscv64.whl", hash = "sha256:c4fff7d77f440378cd841e340398edf5dbefee334816efbf521bb6e31651e54e", size = 5250503, upload-time = "2026-04-09T14:36:44.417Z" },
    { url = "https://files.pythonhosted.org/packages/57/1b/4697918f9d4c2e643e2c59cedb37c2f3a9f76fb1217d767f6dff476813d8/lxml-6.0.3-cp314-cp314-musllinux_1_2_aarch64.whl", hash = "sha256:631567ffc3ddb989ccdcd28f6b9fa5aab1ec7fc0e99fe65572b006a6aad347e2", size = 5084563, upload-time = "2026-04-09T14:36:46.762Z" },
    { url = "https://files.pythonhosted.org/packages/7b/8c/d7ec96246f0632773912c6556288d3b6bb6580f3a967441ca4636ddc3f73/lxml-6.0.3-cp314-cp314-musllinux_1_2_armv7l.whl", hash = "sha256:38acf7171535ffa7fff1fcec8b82ebd4e55cd02e581efe776928108421accaa1", size = 4737407, upload-time = "2026-04-09T14:36:49.826Z" },
    { url = "https://files.pythonhosted.org/packages/d2/0c/603e35bf77aeb28c972f39eece35e7c0f6579ff33a7bed095cc2f7f942d9/lxml-6.0.3-cp314-cp314-musllinux_1_2_ppc64le.whl", hash = "sha256:06b9f3ac459b4565bbaa97aa5512aa7f9a1188c662f0108364f288f6daf35773", size = 5670919, upload-time = "2026-04-09T14:36:52.231Z" },
    { url = "https://files.pythonhosted.org/packages/92/08/6d3f188e6705cf0bfd8b5788055c7381bb3ffa786dfba9fa0b0ed5778506/lxml-6.0.3-cp314-cp314-musllinux_1_2_riscv64.whl", hash = "sha256:2773dbe2cedee81f2769bd5d24ceb4037706cf032e1703513dd0e9476cd9375f", size = 5237771, upload-time = "2026-04-09T14:36:55.286Z" },
    { url = "https://files.pythonhosted.org/packages/f1/4c/01639533b90e9ff622909c113df2ab2dbdd1d78540eb153d13b66a9c96ba/lxml-6.0.3-cp314-cp314-musllinux_1_2_x86_64.whl", hash = "sha256:30c437d8bb9a9a9edff27e85b694342e47a26a6abc249abe00584a4824f9d80d", size = 5263862, upload-time = "2026-04-09T14:36:58.247Z" },
    { url = "https://files.pythonhosted.org/packages/06/0e/bd1157d7b09d1f5e1d580c124203cee656130a3f8908365760a593b21daf/lxml-6.0.3-cp314-cp314-win32.whl", hash = "sha256:1b60a3a1205f869bd47874787c792087174453b1a869db4837bf5b3ff92be017", size = 3656378, upload-time = "2026-04-09T14:37:47.74Z" },
    { url = "https://files.pythonhosted.org/packages/c5/cc/d50cbce8cd5687670868bea33bbeefa0866c5e5d02c5e11c4a04c79fc45e/lxml-6.0.3-cp314-cp314-win_amd64.whl", hash = "sha256:5b6913a68d98c58c673667c864500ba31bc9b0f462effac98914e9a92ebacd2e", size = 4062518, upload-time = "2026-04-09T14:37:49.911Z" },
    { url = "https://files.pythonhosted.org/packages/fd/c7/ece11a1e51390502894838aa384e9f98af7bef4d6806a927197153a16972/lxml-6.0.3-cp314-cp314-win_arm64.whl", hash = "sha256:1b36a3c73f2a6d9c2bfae78089ca7aedae5c2ee5fd5214a15f00b2f89e558ba7", size = 3741064, upload-time = "2026-04-09T14:37:52.185Z" },
    { url = "https://files.pythonhosted.org/packages/2c/ae/918d7f89635fb6456cd732c12246c0e504dd9c49e8006f3593c9ecdb90ff/lxml-6.0.3-cp314-cp314t-macosx_10_15_universal2.whl", hash = "sha256:239e9a6be3a79c03ec200d26f7bb17a4414704a208059e20050bf161e2d8848a", size = 8826590, upload-time = "2026-04-09T14:37:00.862Z" },
    { url = "https://files.pythonhosted.org/packages/07/cf/bda0ae583758704719976b9ea69c8b089fa5f92e49683e517386539b21cf/lxml-6.0.3-cp314-cp314t-macosx_10_15_x86_64.whl", hash = "sha256:16e5cbaa1a6351f2abefa4072e9aac1f09103b47fe7ab4496d54e5995b065162", size = 4735028, upload-time = "2026-04-09T14:37:03.602Z" },
    { url = "https://files.pythonhosted.org/packages/2f/0e/3bfb18778c6f73c7ead2d49a256501fa3052888b899826f5d1df1fbdf83b/lxml-6.0.3-cp314-cp314t-manylinux2014_aarch64.manylinux_2_17_aarch64.whl", hash = "sha256:89f8746c206d8cf2c167221831645d6cc2b24464afd9c428a5eb3fd34c584eb1", size = 4969184, upload-time = "2026-04-09T14:37:05.914Z" },
    { url = "https://files.pythonhosted.org/packages/29/e6/796c77751a682d6d1bb9aa3fe43851b41a21b0377100e246a4a83a81d668/lxml-6.0.3-cp314-cp314t-manylinux2014_x86_64.manylinux_2_17_x86_64.whl", hash = "sha256:5d559a84b2fd583e5bcf8ec4af1ec895f98811684d5fbd6524ea31a04f92d4ad", size = 5103548, upload-time = "2026-04-09T14:37:08.605Z" },
    { url = "https://files.pythonhosted.org/packages/f9/5e/a02aee214f657f29d4690d88161de8ffb8f1b5139e792bae313b9479e317/lxml-6.0.3-cp314-cp314t-manylinux_2_26_aarch64.manylinux_2_28_aarch64.whl", hash = "sha256:7966fbce2d18fde579d5593933d36ad98cc7c8dc7f2b1916d127057ce0415062", size = 5027775, upload-time = "2026-04-09T14:37:11.283Z" },
    { url = "https://files.pythonhosted.org/packages/20/e5/65dd25f2c366879d696d1c720af9a96fa0969d2d135a27b6140222fc6f68/lxml-6.0.3-cp314-cp314t-manylinux_2_26_ppc64le.manylinux_2_28_ppc64le.whl", hash = "sha256:a1f258e6aa0e6eda2c1199f5582c062c96c7d4a28d96d0c4daa79e39b3f2a764", size = 5595348, upload-time = "2026-04-09T14:37:13.618Z" },
    { url = "https://files.pythonhosted.org/packages/f7/1f/2f0e80d7fd2ad9755d771af4ad46ea14bf871bc5a1d2d365a3f948940ddf/lxml-6.0.3-cp314-cp314t-manylinux_2_26_x86_64.manylinux_2_28_x86_64.whl", hash = "sha256:738aef404c862d2c3cd951364ee7175c9d50e8290f5726611c4208c0fba8d186", size = 5224217, upload-time = "2026-04-09T14:37:16.519Z" },
    { url = "https://files.pythonhosted.org/packages/3b/28/e1aaeee7d6a4c9f24a3e4535a4e19ce64b99eefbe7437d325b61623b1817/lxml-6.0.3-cp314-cp314t-manylinux_2_28_i686.whl", hash = "sha256:5c35e5c3ed300990a46a144d3514465713f812b35dacfa83e928c60db7c90af7", size = 5312245, upload-time = "2026-04-09T14:37:19.387Z" },
    { url = "https://files.pythonhosted.org/packages/0a/ac/9633cb919124473e03c62862b0494bf0e1705f902fbd9627be4f648bddfb/lxml-6.0.3-cp314-cp314t-manylinux_2_31_armv7l.whl", hash = "sha256:4ff774b43712b0cf40d9888a5494ca39aefe990c946511cc947b9fddcf74a29b", size = 4637952, upload-time = "2026-04-09T14:37:21.648Z" },
    { url = "https://files.pythonhosted.org/packages/50/aa/135baeea457d41989bafa78e437fe3a370c793aab0d8fb3da73ccae10095/lxml-6.0.3-cp314-cp314t-manylinux_2_38_riscv64.manylinux_2_39_riscv64.whl", hash = "sha256:d20af2784c763928d0d0879cbc5a3739e4d81eefa0d68962d3478bff4c13e644", size = 5232782, upload-time = "2026-04-09T14:37:24.6Z" },
    { url = "https://files.pythonhosted.org/packages/0e/77/d05183ac8440cbc4c6fa386edb7ba9718bee4f097e58485b1cd1f9479d56/lxml-6.0.3-cp314-cp314t-musllinux_1_2_aarch64.whl", hash = "sha256:fdb7786ebefaa0dad0d399dfeaf146b370a14591af2f3aea59e06f931a426678", size = 5083889, upload-time = "2026-04-09T14:37:27.432Z" },
    { url = "https://files.pythonhosted.org/packages/6d/58/e9fda8fb82775491ad0290c7b17252f944b6c3a6974cd820d65910690351/lxml-6.0.3-cp314-cp314t-musllinux_1_2_armv7l.whl", hash = "sha256:c71a387ea133481e725079cff22de45593bf0b834824de22829365ab1d2386c9", size = 4758658, upload-time = "2026-04-09T14:37:29.81Z" },
    { url = "https://files.pythonhosted.org/packages/8b/32/4aae9f004f79f9d200efd8343809cfe46077f8e5bd58f08708c320a20fcd/lxml-6.0.3-cp314-cp314t-musllinux_1_2_ppc64le.whl", hash = "sha256:841b89fc3d910d61c7c267db6bb7dc3a8b3dac240edb66220fcdf96fe70a0552", size = 5619494, upload-time = "2026-04-09T14:37:33.482Z" },
    { url = "https://files.pythonhosted.org/packages/f9/49/407fa9e3c91e7c6d0762eaeedd50d4695bcd26db817e933ca689eb1f3df4/lxml-6.0.3-cp314-cp314t-musllinux_1_2_riscv64.whl", hash = "sha256:ac2d6cdafa29672d6a604c641bf67ace3fd0735ec6885501a94943379219ddbf", size = 5228386, upload-time = "2026-04-09T14:37:36.058Z" },
    { url = "https://files.pythonhosted.org/packages/99/92/39982f818acbb1dd67dd5d20c2a06bcb9f1f3b9a8ff0021e367904f82417/lxml-6.0.3-cp314-cp314t-musllinux_1_2_x86_64.whl", hash = "sha256:609bf136a7339aeca2bd4268c7cd190f33d13118975fe9964eda8e5138f42802", size = 5247973, upload-time = "2026-04-09T14:37:38.836Z" },
    { url = "https://files.pythonhosted.org/packages/66/68/fcdbb78c8cda81a86e17b31abf103b7e474e474a09fb291a99e7a9b43eb8/lxml-6.0.3-cp314-cp314t-win32.whl", hash = "sha256:bf98f5f87f6484302e7cce4e2ca5af43562902852063d916c3e2f1c115fdce60", size = 3896249, upload-time = "2026-04-09T14:37:41.068Z" },
    { url = "https://files.pythonhosted.org/packages/88/fb/6292681ac4a4223b700569ce98f71662cb07c5a3ade4f346f5f0d5c574cf/lxml-6.0.3-cp314-cp314t-win_amd64.whl", hash = "sha256:d3d65e511e4e656ec67b472110f7a72cbf8547ca15f76fe74cffa4e97412a064", size = 4391091, upload-time = "2026-04-09T14:37:43.357Z" },
    { url = "https://files.pythonhosted.org/packages/99/39/a0f486360a6f1b36fd2f5eb62d037652bef503d82b6f853aee6664cdfcac/lxml-6.0.3-cp314-cp314t-win_arm64.whl", hash = "sha256:cbc7ce67f85b92db97c92219985432be84dc1ba9a028e68c6933e89551234df2", size = 3816374, upload-time = "2026-04-09T14:37:45.532Z" },
]

[[package]]
name = "markdown-it-py"
version = "4.0.0"
source = { registry = "https://pypi.org/simple" }
dependencies = [
    { name = "mdurl" },
]
sdist = { url = "https://files.pythonhosted.org/packages/5b/f5/4ec618ed16cc4f8fb3b701563655a69816155e79e24a17b651541804721d/markdown_it_py-4.0.0.tar.gz", hash = "sha256:cb0a2b4aa34f932c007117b194e945bd74e0ec24133ceb5bac59009cda1cb9f3", size = 73070, upload-time = "2025-08-11T12:57:52.854Z" }
wheels = [
    { url = "https://files.pythonhosted.org/packages/94/54/e7d793b573f298e1c9013b8c4dade17d481164aa517d1d7148619c2cedbf/markdown_it_py-4.0.0-py3-none-any.whl", hash = "sha256:87327c59b172c5011896038353a81343b6754500a08cd7a4973bb48c6d578147", size = 87321, upload-time = "2025-08-11T12:57:51.923Z" },
]

[[package]]
name = "mdurl"
version = "0.1.2"
source = { registry = "https://pypi.org/simple" }
sdist = { url = "https://files.pythonhosted.org/packages/d6/54/cfe61301667036ec958cb99bd3efefba235e65cdeb9c84d24a8293ba1d90/mdurl-0.1.2.tar.gz", hash = "sha256:bb413d29f5eea38f31dd4754dd7377d4465116fb207585f97bf925588687c1ba", size = 8729, upload-time = "2022-08-14T12:40:10.846Z" }
wheels = [
    { url = "https://files.pythonhosted.org/packages/b3/38/89ba8ad64ae25be8de66a6d463314cf1eb366222074cfda9ee839c56a4b4/mdurl-0.1.2-py3-none-any.whl", hash = "sha256:84008a41e51615a49fc9966191ff91509e3c40b939176e643fd50a5c2196b8f8", size = 9979, upload-time = "2022-08-14T12:40:09.779Z" },
]

[[package]]
name = "msgpack"
version = "1.1.2"
source = { registry = "https://pypi.org/simple" }
sdist = { url = "https://files.pythonhosted.org/packages/4d/f2/bfb55a6236ed8725a96b0aa3acbd0ec17588e6a2c3b62a93eb513ed8783f/msgpack-1.1.2.tar.gz", hash = "sha256:3b60763c1373dd60f398488069bcdc703cd08a711477b5d480eecc9f9626f47e", size = 173581, upload-time = "2025-10-08T09:15:56.596Z" }
wheels = [
    { url = "https://files.pythonhosted.org/packages/6b/31/b46518ecc604d7edf3a4f94cb3bf021fc62aa301f0cb849936968164ef23/msgpack-1.1.2-cp313-cp313-macosx_10_13_x86_64.whl", hash = "sha256:4efd7b5979ccb539c221a4c4e16aac1a533efc97f3b759bb5a5ac9f6d10383bf", size = 81212, upload-time = "2025-10-08T09:15:14.552Z" },
    { url = "https://files.pythonhosted.org/packages/92/dc/c385f38f2c2433333345a82926c6bfa5ecfff3ef787201614317b58dd8be/msgpack-1.1.2-cp313-cp313-macosx_11_0_arm64.whl", hash = "sha256:42eefe2c3e2af97ed470eec850facbe1b5ad1d6eacdbadc42ec98e7dcf68b4b7", size = 84315, upload-time = "2025-10-08T09:15:15.543Z" },
    { url = "https://files.pythonhosted.org/packages/d3/68/93180dce57f684a61a88a45ed13047558ded2be46f03acb8dec6d7c513af/msgpack-1.1.2-cp313-cp313-manylinux2014_aarch64.manylinux_2_17_aarch64.manylinux_2_28_aarch64.whl", hash = "sha256:1fdf7d83102bf09e7ce3357de96c59b627395352a4024f6e2458501f158bf999", size = 412721, upload-time = "2025-10-08T09:15:16.567Z" },
    { url = "https://files.pythonhosted.org/packages/5d/ba/459f18c16f2b3fc1a1ca871f72f07d70c07bf768ad0a507a698b8052ac58/msgpack-1.1.2-cp313-cp313-manylinux2014_x86_64.manylinux_2_17_x86_64.manylinux_2_28_x86_64.whl", hash = "sha256:fac4be746328f90caa3cd4bc67e6fe36ca2bf61d5c6eb6d895b6527e3f05071e", size = 424657, upload-time = "2025-10-08T09:15:17.825Z" },
    { url = "https://files.pythonhosted.org/packages/38/f8/4398c46863b093252fe67368b44edc6c13b17f4e6b0e4929dbf0bdb13f23/msgpack-1.1.2-cp313-cp313-musllinux_1_2_aarch64.whl", hash = "sha256:fffee09044073e69f2bad787071aeec727183e7580443dfeb8556cbf1978d162", size = 402668, upload-time = "2025-10-08T09:15:19.003Z" },
    { url = "https://files.pythonhosted.org/packages/28/ce/698c1eff75626e4124b4d78e21cca0b4cc90043afb80a507626ea354ab52/msgpack-1.1.2-cp313-cp313-musllinux_1_2_x86_64.whl", hash = "sha256:5928604de9b032bc17f5099496417f113c45bc6bc21b5c6920caf34b3c428794", size = 419040, upload-time = "2025-10-08T09:15:20.183Z" },
    { url = "https://files.pythonhosted.org/packages/67/32/f3cd1667028424fa7001d82e10ee35386eea1408b93d399b09fb0aa7875f/msgpack-1.1.2-cp313-cp313-win32.whl", hash = "sha256:a7787d353595c7c7e145e2331abf8b7ff1e6673a6b974ded96e6d4ec09f00c8c", size = 65037, upload-time = "2025-10-08T09:15:21.416Z" },
    { url = "https://files.pythonhosted.org/packages/74/07/1ed8277f8653c40ebc65985180b007879f6a836c525b3885dcc6448ae6cb/msgpack-1.1.2-cp313-cp313-win_amd64.whl", hash = "sha256:a465f0dceb8e13a487e54c07d04ae3ba131c7c5b95e2612596eafde1dccf64a9", size = 72631, upload-time = "2025-10-08T09:15:22.431Z" },
    { url = "https://files.pythonhosted.org/packages/e5/db/0314e4e2db56ebcf450f277904ffd84a7988b9e5da8d0d61ab2d057df2b6/msgpack-1.1.2-cp313-cp313-win_arm64.whl", hash = "sha256:e69b39f8c0aa5ec24b57737ebee40be647035158f14ed4b40e6f150077e21a84", size = 64118, upload-time = "2025-10-08T09:15:23.402Z" },
    { url = "https://files.pythonhosted.org/packages/22/71/201105712d0a2ff07b7873ed3c220292fb2ea5120603c00c4b634bcdafb3/msgpack-1.1.2-cp314-cp314-macosx_10_13_x86_64.whl", hash = "sha256:e23ce8d5f7aa6ea6d2a2b326b4ba46c985dbb204523759984430db7114f8aa00", size = 81127, upload-time = "2025-10-08T09:15:24.408Z" },
    { url = "https://files.pythonhosted.org/packages/1b/9f/38ff9e57a2eade7bf9dfee5eae17f39fc0e998658050279cbb14d97d36d9/msgpack-1.1.2-cp314-cp314-macosx_11_0_arm64.whl", hash = "sha256:6c15b7d74c939ebe620dd8e559384be806204d73b4f9356320632d783d1f7939", size = 84981, upload-time = "2025-10-08T09:15:25.812Z" },
    { url = "https://files.pythonhosted.org/packages/8e/a9/3536e385167b88c2cc8f4424c49e28d49a6fc35206d4a8060f136e71f94c/msgpack-1.1.2-cp314-cp314-manylinux2014_aarch64.manylinux_2_17_aarch64.manylinux_2_28_aarch64.whl", hash = "sha256:99e2cb7b9031568a2a5c73aa077180f93dd2e95b4f8d3b8e14a73ae94a9e667e", size = 411885, upload-time = "2025-10-08T09:15:27.22Z" },
    { url = "https://files.pythonhosted.org/packages/2f/40/dc34d1a8d5f1e51fc64640b62b191684da52ca469da9cd74e84936ffa4a6/msgpack-1.1.2-cp314-cp314-manylinux2014_x86_64.manylinux_2_17_x86_64.manylinux_2_28_x86_64.whl", hash = "sha256:180759d89a057eab503cf62eeec0aa61c4ea1200dee709f3a8e9397dbb3b6931", size = 419658, upload-time = "2025-10-08T09:15:28.4Z" },
    { url = "https://files.pythonhosted.org/packages/3b/ef/2b92e286366500a09a67e03496ee8b8ba00562797a52f3c117aa2b29514b/msgpack-1.1.2-cp314-cp314-musllinux_1_2_aarch64.whl", hash = "sha256:04fb995247a6e83830b62f0b07bf36540c213f6eac8e851166d8d86d83cbd014", size = 403290, upload-time = "2025-10-08T09:15:29.764Z" },
    { url = "https://files.pythonhosted.org/packages/78/90/e0ea7990abea5764e4655b8177aa7c63cdfa89945b6e7641055800f6c16b/msgpack-1.1.2-cp314-cp314-musllinux_1_2_x86_64.whl", hash = "sha256:8e22ab046fa7ede9e36eeb4cfad44d46450f37bb05d5ec482b02868f451c95e2", size = 415234, upload-time = "2025-10-08T09:15:31.022Z" },
    { url = "https://files.pythonhosted.org/packages/72/4e/9390aed5db983a2310818cd7d3ec0aecad45e1f7007e0cda79c79507bb0d/msgpack-1.1.2-cp314-cp314-win32.whl", hash = "sha256:80a0ff7d4abf5fecb995fcf235d4064b9a9a8a40a3ab80999e6ac1e30b702717", size = 66391, upload-time = "2025-10-08T09:15:32.265Z" },
    { url = "https://files.pythonhosted.org/packages/6e/f1/abd09c2ae91228c5f3998dbd7f41353def9eac64253de3c8105efa2082f7/msgpack-1.1.2-cp314-cp314-win_amd64.whl", hash = "sha256:9ade919fac6a3e7260b7f64cea89df6bec59104987cbea34d34a2fa15d74310b", size = 73787, upload-time = "2025-10-08T09:15:33.219Z" },
    { url = "https://files.pythonhosted.org/packages/6a/b0/9d9f667ab48b16ad4115c1935d94023b82b3198064cb84a123e97f7466c1/msgpack-1.1.2-cp314-cp314-win_arm64.whl", hash = "sha256:59415c6076b1e30e563eb732e23b994a61c159cec44deaf584e5cc1dd662f2af", size = 66453, upload-time = "2025-10-08T09:15:34.225Z" },
    { url = "https://files.pythonhosted.org/packages/16/67/93f80545eb1792b61a217fa7f06d5e5cb9e0055bed867f43e2b8e012e137/msgpack-1.1.2-cp314-cp314t-macosx_10_13_x86_64.whl", hash = "sha256:897c478140877e5307760b0ea66e0932738879e7aa68144d9b78ea4c8302a84a", size = 85264, upload-time = "2025-10-08T09:15:35.61Z" },
    { url = "https://files.pythonhosted.org/packages/87/1c/33c8a24959cf193966ef11a6f6a2995a65eb066bd681fd085afd519a57ce/msgpack-1.1.2-cp314-cp314t-macosx_11_0_arm64.whl", hash = "sha256:a668204fa43e6d02f89dbe79a30b0d67238d9ec4c5bd8a940fc3a004a47b721b", size = 89076, upload-time = "2025-10-08T09:15:36.619Z" },
    { url = "https://files.pythonhosted.org/packages/fc/6b/62e85ff7193663fbea5c0254ef32f0c77134b4059f8da89b958beb7696f3/msgpack-1.1.2-cp314-cp314t-manylinux2014_aarch64.manylinux_2_17_aarch64.manylinux_2_28_aarch64.whl", hash = "sha256:5559d03930d3aa0f3aacb4c42c776af1a2ace2611871c84a75afe436695e6245", size = 435242, upload-time = "2025-10-08T09:15:37.647Z" },
    { url = "https://files.pythonhosted.org/packages/c1/47/5c74ecb4cc277cf09f64e913947871682ffa82b3b93c8dad68083112f412/msgpack-1.1.2-cp314-cp314t-manylinux2014_x86_64.manylinux_2_17_x86_64.manylinux_2_28_x86_64.whl", hash = "sha256:70c5a7a9fea7f036b716191c29047374c10721c389c21e9ffafad04df8c52c90", size = 432509, upload-time = "2025-10-08T09:15:38.794Z" },
    { url = "https://files.pythonhosted.org/packages/24/a4/e98ccdb56dc4e98c929a3f150de1799831c0a800583cde9fa022fa90602d/msgpack-1.1.2-cp314-cp314t-musllinux_1_2_aarch64.whl", hash = "sha256:f2cb069d8b981abc72b41aea1c580ce92d57c673ec61af4c500153a626cb9e20", size = 415957, upload-time = "2025-10-08T09:15:40.238Z" },
    { url = "https://files.pythonhosted.org/packages/da/28/6951f7fb67bc0a4e184a6b38ab71a92d9ba58080b27a77d3e2fb0be5998f/msgpack-1.1.2-cp314-cp314t-musllinux_1_2_x86_64.whl", hash = "sha256:d62ce1f483f355f61adb5433ebfd8868c5f078d1a52d042b0a998682b4fa8c27", size = 422910, upload-time = "2025-10-08T09:15:41.505Z" },
    { url = "https://files.pythonhosted.org/packages/f0/03/42106dcded51f0a0b5284d3ce30a671e7bd3f7318d122b2ead66ad289fed/msgpack-1.1.2-cp314-cp314t-win32.whl", hash = "sha256:1d1418482b1ee984625d88aa9585db570180c286d942da463533b238b98b812b", size = 75197, upload-time = "2025-10-08T09:15:42.954Z" },
    { url = "https://files.pythonhosted.org/packages/15/86/d0071e94987f8db59d4eeb386ddc64d0bb9b10820a8d82bcd3e53eeb2da6/msgpack-1.1.2-cp314-cp314t-win_amd64.whl", hash = "sha256:5a46bf7e831d09470ad92dff02b8b1ac92175ca36b087f904a0519857c6be3ff", size = 85772, upload-time = "2025-10-08T09:15:43.954Z" },
    { url = "https://files.pythonhosted.org/packages/81/f2/08ace4142eb281c12701fc3b93a10795e4d4dc7f753911d836675050f886/msgpack-1.1.2-cp314-cp314t-win_arm64.whl", hash = "sha256:d99ef64f349d5ec3293688e91486c5fdb925ed03807f64d98d205d2713c60b46", size = 70868, upload-time = "2025-10-08T09:15:44.959Z" },
]

[[package]]
name = "packaging"
version = "26.0"
source = { registry = "https://pypi.org/simple" }
sdist = { url = "https://files.pythonhosted.org/packages/65/ee/299d360cdc32edc7d2cf530f3accf79c4fca01e96ffc950d8a52213bd8e4/packaging-26.0.tar.gz", hash = "sha256:00243ae351a257117b6a241061796684b084ed1c516a08c48a3f7e147a9d80b4", size = 143416, upload-time = "2026-01-21T20:50:39.064Z" }
wheels = [
    { url = "https://files.pythonhosted.org/packages/b7/b9/c538f279a4e237a006a2c98387d081e9eb060d203d8ed34467cc0f0b9b53/packaging-26.0-py3-none-any.whl", hash = "sha256:b36f1fef9334a5588b4166f8bcd26a14e521f2b55e6b9de3aaa80d3ff7a37529", size = 74366, upload-time = "2026-01-21T20:50:37.788Z" },
]

[[package]]
name = "parsel"
version = "1.11.0"
source = { registry = "https://pypi.org/simple" }
dependencies = [
    { name = "cssselect" },
    { name = "jmespath" },
    { name = "lxml" },
    { name = "packaging" },
    { name = "w3lib" },
]
sdist = { url = "https://files.pythonhosted.org/packages/91/c8/4ace3a5c61e39ca21734a5715d0e076eea6200dd8daea2a5b99452f5a0d6/parsel-1.11.0.tar.gz", hash = "sha256:5925fe087eb16fc404a7ed91e31e2c1e2a9b230da4b64f34d81358c0d0e27e88", size = 106849, upload-time = "2026-01-29T07:19:23.388Z" }
wheels = [
    { url = "https://files.pythonhosted.org/packages/08/23/4e0dae5e5bee14aea26dba003a682e621563451a20f751ed985810f818b6/parsel-1.11.0-py3-none-any.whl", hash = "sha256:bda82575df1774dd64e1c1396163f3cadb3e383e0f8080d43d45fa6705355daa", size = 14176, upload-time = "2026-01-29T07:19:22.255Z" },
]

[[package]]
name = "pluggy"
version = "1.6.0"
source = { registry = "https://pypi.org/simple" }
sdist = { url = "https://files.pythonhosted.org/packages/f9/e2/3e91f31a7d2b083fe6ef3fa267035b518369d9511ffab804f839851d2779/pluggy-1.6.0.tar.gz", hash = "sha256:7dcc130b76258d33b90f61b658791dede3486c3e6bfb003ee5c9bfb396dd22f3", size = 69412, upload-time = "2025-05-15T12:30:07.975Z" }
wheels = [
    { url = "https://files.pythonhosted.org/packages/54/20/4d324d65cc6d9205fabedc306948156824eb9f0ee1633355a8f7ec5c66bf/pluggy-1.6.0-py3-none-any.whl", hash = "sha256:e920276dd6813095e9377c0bc5566d94c932c33b27a3e3945d8389c374dd4746", size = 20538, upload-time = "2025-05-15T12:30:06.134Z" },
]

[[package]]
name = "pygments"
version = "2.20.0"
source = { registry = "https://pypi.org/simple" }
sdist = { url = "https://files.pythonhosted.org/packages/c3/b2/bc9c9196916376152d655522fdcebac55e66de6603a76a02bca1b6414f6c/pygments-2.20.0.tar.gz", hash = "sha256:6757cd03768053ff99f3039c1a36d6c0aa0b263438fcab17520b30a303a82b5f", size = 4955991, upload-time = "2026-03-29T13:29:33.898Z" }
wheels = [
    { url = "https://files.pythonhosted.org/packages/f4/7e/a72dd26f3b0f4f2bf1dd8923c85f7ceb43172af56d63c7383eb62b332364/pygments-2.20.0-py3-none-any.whl", hash = "sha256:81a9e26dd42fd28a23a2d169d86d7ac03b46e2f8b59ed4698fb4785f946d0176", size = 1231151, upload-time = "2026-03-29T13:29:30.038Z" },
]

[[package]]
name = "pytest"
version = "9.0.3"
source = { registry = "https://pypi.org/simple" }
dependencies = [
    { name = "colorama", marker = "sys_platform == 'win32'" },
    { name = "iniconfig" },
    { name = "packaging" },
    { name = "pluggy" },
    { name = "pygments" },
]
sdist = { url = "https://files.pythonhosted.org/packages/7d/0d/549bd94f1a0a402dc8cf64563a117c0f3765662e2e668477624baeec44d5/pytest-9.0.3.tar.gz", hash = "sha256:b86ada508af81d19edeb213c681b1d48246c1a91d304c6c81a427674c17eb91c", size = 1572165, upload-time = "2026-04-07T17:16:18.027Z" }
wheels = [
    { url = "https://files.pythonhosted.org/packages/d4/24/a372aaf5c9b7208e7112038812994107bc65a84cd00e0354a88c2c77a617/pytest-9.0.3-py3-none-any.whl", hash = "sha256:2c5efc453d45394fdd706ade797c0a81091eccd1d6e4bccfcd476e2b8e0ab5d9", size = 375249, upload-time = "2026-04-07T17:16:16.13Z" },
]

[[package]]
name = "rich"
version = "14.3.4"
source = { registry = "https://pypi.org/simple" }
dependencies = [
    { name = "markdown-it-py" },
    { name = "pygments" },
]
sdist = { url = "https://files.pythonhosted.org/packages/e9/67/cae617f1351490c25a4b8ac3b8b63a4dda609295d8222bad12242dfdc629/rich-14.3.4.tar.gz", hash = "sha256:817e02727f2b25b40ef56f5aa2217f400c8489f79ca8f46ea2b70dd5e14558a9", size = 230524, upload-time = "2026-04-11T02:57:45.419Z" }
wheels = [
    { url = "https://files.pythonhosted.org/packages/b3/76/6d163cfac87b632216f71879e6b2cf17163f773ff59c00b5ff4900a80fa3/rich-14.3.4-py3-none-any.whl", hash = "sha256:07e7adb4690f68864777b1450859253bed81a99a31ac321ac1817b2313558952", size = 310480, upload-time = "2026-04-11T02:57:47.484Z" },
]

[[package]]
name = "shellingham"
version = "1.5.4"
source = { registry = "https://pypi.org/simple" }
sdist = { url = "https://files.pythonhosted.org/packages/58/15/8b3609fd3830ef7b27b655beb4b4e9c62313a4e8da8c676e142cc210d58e/shellingham-1.5.4.tar.gz", hash = "sha256:8dbca0739d487e5bd35ab3ca4b36e11c4078f3a234bfce294b0a0291363404de", size = 10310, upload-time = "2023-10-24T04:13:40.426Z" }
wheels = [
    { url = "https://files.pythonhosted.org/packages/e0/f9/0595336914c5619e5f28a1fb793285925a8cd4b432c9da0a987836c7f822/shellingham-1.5.4-py2.py3-none-any.whl", hash = "sha256:7ecfff8f2fd72616f7481040475a65b2bf8af90a56c89140852d1120324e8686", size = 9755, upload-time = "2023-10-24T04:13:38.866Z" },
]

[[package]]
name = "sortedcontainers"
version = "2.4.0"
source = { registry = "https://pypi.org/simple" }
sdist = { url = "https://files.pythonhosted.org/packages/e8/c4/ba2f8066cceb6f23394729afe52f3bf7adec04bf9ed2c820b39e19299111/sortedcontainers-2.4.0.tar.gz", hash = "sha256:25caa5a06cc30b6b83d11423433f65d1f9d76c4c6a0c90e3379eaa43b9bfdb88", size = 30594, upload-time = "2021-05-16T22:03:42.897Z" }
wheels = [
    { url = "https://files.pythonhosted.org/packages/32/46/9cb0e58b2deb7f82b84065f37f3bffeb12413f947f9388e4cac22c4621ce/sortedcontainers-2.4.0-py2.py3-none-any.whl", hash = "sha256:a163dcaede0f1c021485e957a39245190e74249897e2ae4b2aa38595db237ee0", size = 29575, upload-time = "2021-05-16T22:03:41.177Z" },
]

[[package]]
name = "typer"
version = "0.24.1"
source = { registry = "https://pypi.org/simple" }
dependencies = [
    { name = "annotated-doc" },
    { name = "click" },
    { name = "rich" },
    { name = "shellingham" },
]
sdist = { url = "https://files.pythonhosted.org/packages/f5/24/cb09efec5cc954f7f9b930bf8279447d24618bb6758d4f6adf2574c41780/typer-0.24.1.tar.gz", hash = "sha256:e39b4732d65fbdcde189ae76cf7cd48aeae72919dea1fdfc16593be016256b45", size = 118613, upload-time = "2026-02-21T16:54:40.609Z" }
wheels = [
    { url = "https://files.pythonhosted.org/packages/4a/91/48db081e7a63bb37284f9fbcefda7c44c277b18b0e13fbc36ea2335b71e6/typer-0.24.1-py3-none-any.whl", hash = "sha256:112c1f0ce578bfb4cab9ffdabc68f031416ebcc216536611ba21f04e9aa84c9e", size = 56085, upload-time = "2026-02-21T16:54:41.616Z" },
]

[[package]]
name = "typing-extensions"
version = "4.15.0"
source = { registry = "https://pypi.org/simple" }
sdist = { url = "https://files.pythonhosted.org/packages/72/94/1a15dd82efb362ac84269196e94cf00f187f7ed21c242792a923cdb1c61f/typing_extensions-4.15.0.tar.gz", hash = "sha256:0cea48d173cc12fa28ecabc3b837ea3cf6f38c6d1136f85cbaaf598984861466", size = 109391, upload-time = "2025-08-25T13:49:26.313Z" }
wheels = [
    { url = "https://files.pythonhosted.org/packages/18/67/36e9267722cc04a6b9f15c7f3441c2363321a3ea07da7ae0c0707beb2a9c/typing_extensions-4.15.0-py3-none-any.whl", hash = "sha256:f0fa19c6845758ab08074a0cfa8b7aecb71c999ca73d62883bc25cc018c4e548", size = 44614, upload-time = "2025-08-25T13:49:24.86Z" },
]

[[package]]
name = "w3lib"
version = "2.4.1"
source = { registry = "https://pypi.org/simple" }
sdist = { url = "https://files.pythonhosted.org/packages/c0/91/b2eb59c2cf243de5de1e91c963655df78c015509f51297685a8c86a27b8c/w3lib-2.4.1.tar.gz", hash = "sha256:8dd69ee39ff6398d708c793abc779c334a69bac7cee1cdf71736c669ed6be864", size = 48494, upload-time = "2026-03-20T09:50:27.477Z" }
wheels = [
    { url = "https://files.pythonhosted.org/packages/66/c3/f8b216cbd742e5b84c40f045204c764ccb7524d2aeab021054ec69446b0a/w3lib-2.4.1-py3-none-any.whl", hash = "sha256:40930132907e68de906a5b89331ab8c8ff4f01bd35b5539ef7896017d814138d", size = 21695, upload-time = "2026-03-20T09:50:26.187Z" },
]
